
Microsoft Visual Studio Solution File, Format Version 12.00
# Visual Studio 15
VisualStudioVersion = 15.0.27004.2005
MinimumVisualStudioVersion = 10.0.40219.1
Project("{8BC9CEB8-8B4A-11D0-8D11-00A0C91BC942}") = "Rational number", "Rational number\Rational number.vcxproj", "{6E66C6A9-F6C8-4F6E-B0F4-E8FBD8908509}"
EndProject
Global
	GlobalSection(SolutionConfigurationPlatforms) = preSolution
		Debug|x64 = Debug|x64
		Debug|x86 = Debug|x86
		Release|x64 = Release|x64
		Release|x86 = Release|x86
	EndGlobalSection
	GlobalSection(ProjectConfigurationPlatforms) = postSolution
		{6E66C6A9-F6C8-4F6E-B0F4-E8FBD8908509}.Debug|x64.ActiveCfg = Debug|x64
		{6E66C6A9-F6C8-4F6E-B0F4-E8FBD8908509}.Debug|x64.Build.0 = Debug|x64
		{6E66C6A9-F6C8-4F6E-B0F4-E8FBD8908509}.Debug|x86.ActiveCfg = Debug|Win32
		{6E66C6A9-F6C8-4F6E-B0F4-E8FBD8908509}.Debug|x86.Build.0 = Debug|Win32
		{6E66C6A9-F6C8-4F6E-B0F4-E8FBD8908509}.Release|x64.ActiveCfg = Release|x64
		{6E66C6A9-F6C8-4F6E-B0F4-E8FBD8908509}.Release|x64.Build.0 = Release|x64
		{6E66C6A9-F6C8-4F6E-B0F4-E8FBD8908509}.Release|x86.ActiveCfg = Release|Win32
		{6E66C6A9-F6C8-4F6E-B0F4-E8FBD8908509}.Release|x86.Build.0 = Release|Win32
	EndGlobalSection
	GlobalSection(SolutionProperties) = preSolution
		HideSolutionNode = FALSE
	EndGlobalSection
	GlobalSection(ExtensibilityGlobals) = postSolution
		SolutionGuid = {4765E04E-00E4-41EE-B6E3-F29CD8EE1AF4}
	EndGlobalSection
EndGlobal
